
Microsoft Visual Studio Solution File, Format Version 12.00
# Visual Studio 15
VisualStudioVersion = 15.0.26730.16
MinimumVisualStudioVersion = 10.0.40219.1
Project("{FAE04EC0-301F-11D3-BF4B-00C04F79EFBC}") = "NeuralNetwork.Library", "NeuralNetwork\NeuralNetwork.Library.csproj", "{EE818247-D11C-4A21-A8DE-85B81258663C}"
EndProject
Project("{FAE04EC0-301F-11D3-BF4B-00C04F79EFBC}") = "NeuralNetwork.Presentation", "NeuralNetworkPresentation\NeuralNetwork.Presentation.csproj", "{D7C2956D-C811-47EC-A732-64CB468E8124}"
EndProject
Project("{FAE04EC0-301F-11D3-BF4B-00C04F79EFBC}") = "NeuralNetwork.TopologyEvolution", "NeuralNetwork.TopologyEvolution\NeuralNetwork.TopologyEvolution.csproj", "{54E642AC-0186-4EC3-AE4B-DBE89F9B52C2}"
EndProject
Project("{FAE04EC0-301F-11D3-BF4B-00C04F79EFBC}") = "NeuralNetwork.Helpers", "NeuralNetwork.Helpers\NeuralNetwork.Helpers.csproj", "{FB591F6D-0B73-409B-AACB-750F41D90AA9}"
EndProject
Project("{FAE04EC0-301F-11D3-BF4B-00C04F79EFBC}") = "NeuralNetwork.ProjectParameters", "NeuralNetwork.ProjectParameters\NeuralNetwork.ProjectParameters.csproj", "{84832775-F0A4-4496-B096-CE195359ADC2}"
EndProject
Global
	GlobalSection(SolutionConfigurationPlatforms) = preSolution
		Debug|Any CPU = Debug|Any CPU
		Release|Any CPU = Release|Any CPU
	EndGlobalSection
	GlobalSection(ProjectConfigurationPlatforms) = postSolution
		{EE818247-D11C-4A21-A8DE-85B81258663C}.Debug|Any CPU.ActiveCfg = Debug|Any CPU
		{EE818247-D11C-4A21-A8DE-85B81258663C}.Debug|Any CPU.Build.0 = Debug|Any CPU
		{EE818247-D11C-4A21-A8DE-85B81258663C}.Release|Any CPU.ActiveCfg = Release|Any CPU
		{EE818247-D11C-4A21-A8DE-85B81258663C}.Release|Any CPU.Build.0 = Release|Any CPU
		{D7C2956D-C811-47EC-A732-64CB468E8124}.Debug|Any CPU.ActiveCfg = Debug|Any CPU
		{D7C2956D-C811-47EC-A732-64CB468E8124}.Debug|Any CPU.Build.0 = Debug|Any CPU
		{D7C2956D-C811-47EC-A732-64CB468E8124}.Release|Any CPU.ActiveCfg = Release|Any CPU
		{D7C2956D-C811-47EC-A732-64CB468E8124}.Release|Any CPU.Build.0 = Release|Any CPU
		{54E642AC-0186-4EC3-AE4B-DBE89F9B52C2}.Debug|Any CPU.ActiveCfg = Debug|Any CPU
		{54E642AC-0186-4EC3-AE4B-DBE89F9B52C2}.Debug|Any CPU.Build.0 = Debug|Any CPU
		{54E642AC-0186-4EC3-AE4B-DBE89F9B52C2}.Release|Any CPU.ActiveCfg = Release|Any CPU
		{54E642AC-0186-4EC3-AE4B-DBE89F9B52C2}.Release|Any CPU.Build.0 = Release|Any CPU
		{FB591F6D-0B73-409B-AACB-750F41D90AA9}.Debug|Any CPU.ActiveCfg = Debug|Any CPU
		{FB591F6D-0B73-409B-AACB-750F41D90AA9}.Debug|Any CPU.Build.0 = Debug|Any CPU
		{FB591F6D-0B73-409B-AACB-750F41D90AA9}.Release|Any CPU.ActiveCfg = Release|Any CPU
		{FB591F6D-0B73-409B-AACB-750F41D90AA9}.Release|Any CPU.Build.0 = Release|Any CPU
		{84832775-F0A4-4496-B096-CE195359ADC2}.Debug|Any CPU.ActiveCfg = Debug|Any CPU
		{84832775-F0A4-4496-B096-CE195359ADC2}.Debug|Any CPU.Build.0 = Debug|Any CPU
		{84832775-F0A4-4496-B096-CE195359ADC2}.Release|Any CPU.ActiveCfg = Release|Any CPU
		{84832775-F0A4-4496-B096-CE195359ADC2}.Release|Any CPU.Build.0 = Release|Any CPU
	EndGlobalSection
	GlobalSection(SolutionProperties) = preSolution
		HideSolutionNode = FALSE
	EndGlobalSection
	GlobalSection(ExtensibilityGlobals) = postSolution
		SolutionGuid = {8BE9684A-A874-445F-8DF1-1E0106CE94FE}
	EndGlobalSection
EndGlobal
